
Microsoft Visual Studio Solution File, Format Version 12.00
# Visual Studio 15
VisualStudioVersion = 15.0.28307.1831
MinimumVisualStudioVersion = 10.0.40219.1
Project("{FAE04EC0-301F-11D3-BF4B-00C04F79EFBC}") = "ParkingSystem", "ParkingSystem\ParkingSystem.csproj", "{A0E08968-EA4F-4F1F-B136-17C6A103884A}"
EndProject
Global
	GlobalSection(SolutionConfigurationPlatforms) = preSolution
		Debug|Any CPU = Debug|Any CPU
		Release|Any CPU = Release|Any CPU
	EndGlobalSection
	GlobalSection(ProjectConfigurationPlatforms) = postSolution
		{A0E08968-EA4F-4F1F-B136-17C6A103884A}.Debug|Any CPU.ActiveCfg = Debug|Any CPU
		{A0E08968-EA4F-4F1F-B136-17C6A103884A}.Debug|Any CPU.Build.0 = Debug|Any CPU
		{A0E08968-EA4F-4F1F-B136-17C6A103884A}.Release|Any CPU.ActiveCfg = Release|Any CPU
		{A0E08968-EA4F-4F1F-B136-17C6A103884A}.Release|Any CPU.Build.0 = Release|Any CPU
	EndGlobalSection
	GlobalSection(SolutionProperties) = preSolution
		HideSolutionNode = FALSE
	EndGlobalSection
	GlobalSection(ExtensibilityGlobals) = postSolution
		SolutionGuid = {8DD683AF-6FE5-4FDF-8674-C4AE0C60E69E}
	EndGlobalSection
EndGlobal
